
Microsoft Visual Studio Solution File, Format Version 12.00
# Visual Studio 15
VisualStudioVersion = 15.0.26124.0
MinimumVisualStudioVersion = 15.0.26124.0
Project("{FAE04EC0-301F-11D3-BF4B-00C04F79EFBC}") = "QuickStart", "QuickStart\QuickStart.csproj", "{6980198E-7572-4F5A-B143-A0BC63AF785C}"
EndProject
Project("{FAE04EC0-301F-11D3-BF4B-00C04F79EFBC}") = "QuickStart.Tests", "QuickStart.Tests\QuickStart.Tests.csproj", "{C8F078A6-2975-4384-8870-64FEC6B7504A}"
EndProject
Global
	GlobalSection(SolutionConfigurationPlatforms) = preSolution
		Debug|Any CPU = Debug|Any CPU
		Debug|x64 = Debug|x64
		Debug|x86 = Debug|x86
		Release|Any CPU = Release|Any CPU
		Release|x64 = Release|x64
		Release|x86 = Release|x86
	EndGlobalSection
	GlobalSection(SolutionProperties) = preSolution
		HideSolutionNode = FALSE
	EndGlobalSection
	GlobalSection(ProjectConfigurationPlatforms) = postSolution
		{6980198E-7572-4F5A-B143-A0BC63AF785C}.Debug|Any CPU.ActiveCfg = Debug|Any CPU
		{6980198E-7572-4F5A-B143-A0BC63AF785C}.Debug|Any CPU.Build.0 = Debug|Any CPU
		{6980198E-7572-4F5A-B143-A0BC63AF785C}.Debug|x64.ActiveCfg = Debug|Any CPU
		{6980198E-7572-4F5A-B143-A0BC63AF785C}.Debug|x64.Build.0 = Debug|Any CPU
		{6980198E-7572-4F5A-B143-A0BC63AF785C}.Debug|x86.ActiveCfg = Debug|Any CPU
		{6980198E-7572-4F5A-B143-A0BC63AF785C}.Debug|x86.Build.0 = Debug|Any CPU
		{6980198E-7572-4F5A-B143-A0BC63AF785C}.Release|Any CPU.ActiveCfg = Release|Any CPU
		{6980198E-7572-4F5A-B143-A0BC63AF785C}.Release|Any CPU.Build.0 = Release|Any CPU
		{6980198E-7572-4F5A-B143-A0BC63AF785C}.Release|x64.ActiveCfg = Release|Any CPU
		{6980198E-7572-4F5A-B143-A0BC63AF785C}.Release|x64.Build.0 = Release|Any CPU
		{6980198E-7572-4F5A-B143-A0BC63AF785C}.Release|x86.ActiveCfg = Release|Any CPU
		{6980198E-7572-4F5A-B143-A0BC63AF785C}.Release|x86.Build.0 = Release|Any CPU
		{C8F078A6-2975-4384-8870-64FEC6B7504A}.Debug|Any CPU.ActiveCfg = Debug|Any CPU
		{C8F078A6-2975-4384-8870-64FEC6B7504A}.Debug|Any CPU.Build.0 = Debug|Any CPU
		{C8F078A6-2975-4384-8870-64FEC6B7504A}.Debug|x64.ActiveCfg = Debug|Any CPU
		{C8F078A6-2975-4384-8870-64FEC6B7504A}.Debug|x64.Build.0 = Debug|Any CPU
		{C8F078A6-2975-4384-8870-64FEC6B7504A}.Debug|x86.ActiveCfg = Debug|Any CPU
		{C8F078A6-2975-4384-8870-64FEC6B7504A}.Debug|x86.Build.0 = Debug|Any CPU
		{C8F078A6-2975-4384-8870-64FEC6B7504A}.Release|Any CPU.ActiveCfg = Release|Any CPU
		{C8F078A6-2975-4384-8870-64FEC6B7504A}.Release|Any CPU.Build.0 = Release|Any CPU
		{C8F078A6-2975-4384-8870-64FEC6B7504A}.Release|x64.ActiveCfg = Release|Any CPU
		{C8F078A6-2975-4384-8870-64FEC6B7504A}.Release|x64.Build.0 = Release|Any CPU
		{C8F078A6-2975-4384-8870-64FEC6B7504A}.Release|x86.ActiveCfg = Release|Any CPU
		{C8F078A6-2975-4384-8870-64FEC6B7504A}.Release|x86.Build.0 = Release|Any CPU
	EndGlobalSection
EndGlobal
